// !$*UTF8*$!
{
	archiveVersion = 1;
	classes = {
	};
	objectVersion = 56;
	objects = {

/* Begin PBXBuildFile section */
		A738C39F2C6E0BD10005F1C0 /* APICallsWithTCAApp.swift in Sources */ = {isa = PBXBuildFile; fileRef = A738C39E2C6E0BD10005F1C0 /* APICallsWithTCAApp.swift */; };
		A738C3A32C6E0BD30005F1C0 /* Assets.xcassets in Resources */ = {isa = PBXBuildFile; fileRef = A738C3A22C6E0BD30005F1C0 /* Assets.xcassets */; };
		A738C3A62C6E0BD30005F1C0 /* Preview Assets.xcassets in Resources */ = {isa = PBXBuildFile; fileRef = A738C3A52C6E0BD30005F1C0 /* Preview Assets.xcassets */; };
		A738C3B02C6E0BD30005F1C0 /* APICallsWithTCATests.swift in Sources */ = {isa = PBXBuildFile; fileRef = A738C3AF2C6E0BD30005F1C0 /* APICallsWithTCATests.swift */; };
		A738C3BA2C6E0BD30005F1C0 /* APICallsWithTCAUITests.swift in Sources */ = {isa = PBXBuildFile; fileRef = A738C3B92C6E0BD30005F1C0 /* APICallsWithTCAUITests.swift */; };
		A738C3BC2C6E0BD30005F1C0 /* APICallsWithTCAUITestsLaunchTests.swift in Sources */ = {isa = PBXBuildFile; fileRef = A738C3BB2C6E0BD30005F1C0 /* APICallsWithTCAUITestsLaunchTests.swift */; };
		A738C3CA2C6E0CC00005F1C0 /* ComposableArchitecture in Frameworks */ = {isa = PBXBuildFile; productRef = A738C3C92C6E0CC00005F1C0 /* ComposableArchitecture */; };
		A738C3CC2C6E0CE00005F1C0 /* ProfileView.swift in Sources */ = {isa = PBXBuildFile; fileRef = A738C3CB2C6E0CE00005F1C0 /* ProfileView.swift */; };
		A738C3D02C6E15F10005F1C0 /* APIModels.swift in Sources */ = {isa = PBXBuildFile; fileRef = A738C3CF2C6E15F10005F1C0 /* APIModels.swift */; };
		A738C3D22C6E53F80005F1C0 /* APIConfig.swift in Sources */ = {isa = PBXBuildFile; fileRef = A738C3D12C6E53F80005F1C0 /* APIConfig.swift */; };
/* End PBXBuildFile section */

/* Begin PBXContainerItemProxy section */
		A738C3AC2C6E0BD30005F1C0 /* PBXContainerItemProxy */ = {
			isa = PBXContainerItemProxy;
			containerPortal = A738C3932C6E0BD10005F1C0 /* Project object */;
			proxyType = 1;
			remoteGlobalIDString = A738C39A2C6E0BD10005F1C0;
			remoteInfo = APICallsWithTCA;
		};
		A738C3B62C6E0BD30005F1C0 /* PBXContainerItemProxy */ = {
			isa = PBXContainerItemProxy;
			containerPortal = A738C3932C6E0BD10005F1C0 /* Project object */;
			proxyType = 1;
			remoteGlobalIDString = A738C39A2C6E0BD10005F1C0;
			remoteInfo = APICallsWithTCA;
		};
/* End PBXContainerItemProxy section */

/* Begin PBXFileReference section */
		A738C39B2C6E0BD10005F1C0 /* APICallsWithTCA.app */ = {isa = PBXFileReference; explicitFileType = wrapper.application; includeInIndex = 0; path = APICallsWithTCA.app; sourceTree = BUILT_PRODUCTS_DIR; };
		A738C39E2C6E0BD10005F1C0 /* APICallsWithTCAApp.swift */ = {isa = PBXFileReference; lastKnownFileType = sourcecode.swift; path = APICallsWithTCAApp.swift; sourceTree = "<group>"; };
		A738C3A22C6E0BD30005F1C0 /* Assets.xcassets */ = {isa = PBXFileReference; lastKnownFileType = folder.assetcatalog; path = Assets.xcassets; sourceTree = "<group>"; };
		A738C3A52C6E0BD30005F1C0 /* Preview Assets.xcassets */ = {isa = PBXFileReference; lastKnownFileType = folder.assetcatalog; path = "Preview Assets.xcassets"; sourceTree = "<group>"; };
		A738C3AB2C6E0BD30005F1C0 /* APICallsWithTCATests.xctest */ = {isa = PBXFileReference; explicitFileType = wrapper.cfbundle; includeInIndex = 0; path = APICallsWithTCATests.xctest; sourceTree = BUILT_PRODUCTS_DIR; };
		A738C3AF2C6E0BD30005F1C0 /* APICallsWithTCATests.swift */ = {isa = PBXFileReference; lastKnownFileType = sourcecode.swift; path = APICallsWithTCATests.swift; sourceTree = "<group>"; };
		A738C3B52C6E0BD30005F1C0 /* APICallsWithTCAUITests.xctest */ = {isa = PBXFileReference; explicitFileType = wrapper.cfbundle; includeInIndex = 0; path = APICallsWithTCAUITests.xctest; sourceTree = BUILT_PRODUCTS_DIR; };
		A738C3B92C6E0BD30005F1C0 /* APICallsWithTCAUITests.swift */ = {isa = PBXFileReference; lastKnownFileType = sourcecode.swift; path = APICallsWithTCAUITests.swift; sourceTree = "<group>"; };
		A738C3BB2C6E0BD30005F1C0 /* APICallsWithTCAUITestsLaunchTests.swift */ = {isa = PBXFileReference; lastKnownFileType = sourcecode.swift; path = APICallsWithTCAUITestsLaunchTests.swift; sourceTree = "<group>"; };
		A738C3CB2C6E0CE00005F1C0 /* ProfileView.swift */ = {isa = PBXFileReference; lastKnownFileType = sourcecode.swift; path = ProfileView.swift; sourceTree = "<group>"; };
		A738C3CF2C6E15F10005F1C0 /* APIModels.swift */ = {isa = PBXFileReference; lastKnownFileType = sourcecode.swift; path = APIModels.swift; sourceTree = "<group>"; };
		A738C3D12C6E53F80005F1C0 /* APIConfig.swift */ = {isa = PBXFileReference; lastKnownFileType = sourcecode.swift; path = APIConfig.swift; sourceTree = "<group>"; };
/* End PBXFileReference section */

/* Begin PBXFrameworksBuildPhase section */
		A738C3982C6E0BD10005F1C0 /* Frameworks */ = {
			isa = PBXFrameworksBuildPhase;
			buildActionMask = 2147483647;
			files = (
				A738C3CA2C6E0CC00005F1C0 /* ComposableArchitecture in Frameworks */,
			);
			runOnlyForDeploymentPostprocessing = 0;
		};
		A738C3A82C6E0BD30005F1C0 /* Frameworks */ = {
			isa = PBXFrameworksBuildPhase;
			buildActionMask = 2147483647;
			files = (
			);
			runOnlyForDeploymentPostprocessing = 0;
		};
		A738C3B22C6E0BD30005F1C0 /* Frameworks */ = {
			isa = PBXFrameworksBuildPhase;
			buildActionMask = 2147483647;
			files = (
			);
			runOnlyForDeploymentPostprocessing = 0;
		};
/* End PBXFrameworksBuildPhase section */

/* Begin PBXGroup section */
		A738C3922C6E0BD10005F1C0 = {
			isa = PBXGroup;
			children = (
				A738C39D2C6E0BD10005F1C0 /* APICallsWithTCA */,
				A738C3AE2C6E0BD30005F1C0 /* APICallsWithTCATests */,
				A738C3B82C6E0BD30005F1C0 /* APICallsWithTCAUITests */,
				A738C39C2C6E0BD10005F1C0 /* Products */,
			);
			sourceTree = "<group>";
		};
		A738C39C2C6E0BD10005F1C0 /* Products */ = {
			isa = PBXGroup;
			children = (
				A738C39B2C6E0BD10005F1C0 /* APICallsWithTCA.app */,
				A738C3AB2C6E0BD30005F1C0 /* APICallsWithTCATests.xctest */,
				A738C3B52C6E0BD30005F1C0 /* APICallsWithTCAUITests.xctest */,
			);
			name = Products;
			sourceTree = "<group>";
		};
		A738C39D2C6E0BD10005F1C0 /* APICallsWithTCA */ = {
			isa = PBXGroup;
			children = (
				A738C3D12C6E53F80005F1C0 /* APIConfig.swift */,
				A738C3CF2C6E15F10005F1C0 /* APIModels.swift */,
				A738C39E2C6E0BD10005F1C0 /* APICallsWithTCAApp.swift */,
				A738C3A22C6E0BD30005F1C0 /* Assets.xcassets */,
				A738C3A42C6E0BD30005F1C0 /* Preview Content */,
				A738C3CB2C6E0CE00005F1C0 /* ProfileView.swift */,
			);
			path = APICallsWithTCA;
			sourceTree = "<group>";
		};
		A738C3A42C6E0BD30005F1C0 /* Preview Content */ = {
			isa = PBXGroup;
			children = (
				A738C3A52C6E0BD30005F1C0 /* Preview Assets.xcassets */,
			);
			path = "Preview Content";
			sourceTree = "<group>";
		};
		A738C3AE2C6E0BD30005F1C0 /* APICallsWithTCATests */ = {
			isa = PBXGroup;
			children = (
				A738C3AF2C6E0BD30005F1C0 /* APICallsWithTCATests.swift */,
			);
			path = APICallsWithTCATests;
			sourceTree = "<group>";
		};
		A738C3B82C6E0BD30005F1C0 /* APICallsWithTCAUITests */ = {
			isa = PBXGroup;
			children = (
				A738C3B92C6E0BD30005F1C0 /* APICallsWithTCAUITests.swift */,
				A738C3BB2C6E0BD30005F1C0 /* APICallsWithTCAUITestsLaunchTests.swift */,
			);
			path = APICallsWithTCAUITests;
			sourceTree = "<group>";
		};
/* End PBXGroup section */

/* Begin PBXNativeTarget section */
		A738C39A2C6E0BD10005F1C0 /* APICallsWithTCA */ = {
			isa = PBXNativeTarget;
			buildConfigurationList = A738C3BF2C6E0BD30005F1C0 /* Build configuration list for PBXNativeTarget "APICallsWithTCA" */;
			buildPhases = (
				A738C3972C6E0BD10005F1C0 /* Sources */,
				A738C3982C6E0BD10005F1C0 /* Frameworks */,
				A738C3992C6E0BD10005F1C0 /* Resources */,
			);
			buildRules = (
			);
			dependencies = (
			);
			name = APICallsWithTCA;
			packageProductDependencies = (
				A738C3C92C6E0CC00005F1C0 /* ComposableArchitecture */,
			);
			productName = APICallsWithTCA;
			productReference = A738C39B2C6E0BD10005F1C0 /* APICallsWithTCA.app */;
			productType = "com.apple.product-type.application";
		};
		A738C3AA2C6E0BD30005F1C0 /* APICallsWithTCATests */ = {
			isa = PBXNativeTarget;
			buildConfigurationList = A738C3C22C6E0BD30005F1C0 /* Build configuration list for PBXNativeTarget "APICallsWithTCATests" */;
			buildPhases = (
				A738C3A72C6E0BD30005F1C0 /* Sources */,
				A738C3A82C6E0BD30005F1C0 /* Frameworks */,
				A738C3A92C6E0BD30005F1C0 /* Resources */,
			);
			buildRules = (
			);
			dependencies = (
				A738C3AD2C6E0BD30005F1C0 /* PBXTargetDependency */,
			);
			name = APICallsWithTCATests;
			productName = APICallsWithTCATests;
			productReference = A738C3AB2C6E0BD30005F1C0 /* APICallsWithTCATests.xctest */;
			productType = "com.apple.product-type.bundle.unit-test";
		};
		A738C3B42C6E0BD30005F1C0 /* APICallsWithTCAUITests */ = {
			isa = PBXNativeTarget;
			buildConfigurationList = A738C3C52C6E0BD30005F1C0 /* Build configuration list for PBXNativeTarget "APICallsWithTCAUITests" */;
			buildPhases = (
				A738C3B12C6E0BD30005F1C0 /* Sources */,
				A738C3B22C6E0BD30005F1C0 /* Frameworks */,
				A738C3B32C6E0BD30005F1C0 /* Resources */,
			);
			buildRules = (
			);
			dependencies = (
				A738C3B72C6E0BD30005F1C0 /* PBXTargetDependency */,
			);
			name = APICallsWithTCAUITests;
			productName = APICallsWithTCAUITests;
			productReference = A738C3B52C6E0BD30005F1C0 /* APICallsWithTCAUITests.xctest */;
			productType = "com.apple.product-type.bundle.ui-testing";
		};
/* End PBXNativeTarget section */

/* Begin PBXProject section */
		A738C3932C6E0BD10005F1C0 /* Project object */ = {
			isa = PBXProject;
			attributes = {
				BuildIndependentTargetsInParallel = 1;
				LastSwiftUpdateCheck = 1500;
				LastUpgradeCheck = 1500;
				TargetAttributes = {
					A738C39A2C6E0BD10005F1C0 = {
						CreatedOnToolsVersion = 15.0;
					};
					A738C3AA2C6E0BD30005F1C0 = {
						CreatedOnToolsVersion = 15.0;
						TestTargetID = A738C39A2C6E0BD10005F1C0;
					};
					A738C3B42C6E0BD30005F1C0 = {
						CreatedOnToolsVersion = 15.0;
						TestTargetID = A738C39A2C6E0BD10005F1C0;
					};
				};
			};
			buildConfigurationList = A738C3962C6E0BD10005F1C0 /* Build configuration list for PBXProject "APICallsWithTCA" */;
			compatibilityVersion = "Xcode 14.0";
			developmentRegion = en;
			hasScannedForEncodings = 0;
			knownRegions = (
				en,
				Base,
			);
			mainGroup = A738C3922C6E0BD10005F1C0;
			packageReferences = (
				A738C3C82C6E0CC00005F1C0 /* XCRemoteSwiftPackageReference "swift-composable-architecture" */,
			);
			productRefGroup = A738C39C2C6E0BD10005F1C0 /* Products */;
			projectDirPath = "";
			projectRoot = "";
			targets = (
				A738C39A2C6E0BD10005F1C0 /* APICallsWithTCA */,
				A738C3AA2C6E0BD30005F1C0 /* APICallsWithTCATests */,
				A738C3B42C6E0BD30005F1C0 /* APICallsWithTCAUITests */,
			);
		};
/* End PBXProject section */

/* Begin PBXResourcesBuildPhase section */
		A738C3992C6E0BD10005F1C0 /* Resources */ = {
			isa = PBXResourcesBuildPhase;
			buildActionMask = 2147483647;
			files = (
				A738C3A62C6E0BD30005F1C0 /* Preview Assets.xcassets in Resources */,
				A738C3A32C6E0BD30005F1C0 /* Assets.xcassets in Resources */,
			);
			runOnlyForDeploymentPostprocessing = 0;
		};
		A738C3A92C6E0BD30005F1C0 /* Resources */ = {
			isa = PBXResourcesBuildPhase;
			buildActionMask = 2147483647;
			files = (
			);
			runOnlyForDeploymentPostprocessing = 0;
		};
		A738C3B32C6E0BD30005F1C0 /* Resources */ = {
			isa = PBXResourcesBuildPhase;
			buildActionMask = 2147483647;
			files = (
			);
			runOnlyForDeploymentPostprocessing = 0;
		};
/* End PBXResourcesBuildPhase section */

/* Begin PBXSourcesBuildPhase section */
		A738C3972C6E0BD10005F1C0 /* Sources */ = {
			isa = PBXSourcesBuildPhase;
			buildActionMask = 2147483647;
			files = (
				A738C3D02C6E15F10005F1C0 /* APIModels.swift in Sources */,
				A738C3CC2C6E0CE00005F1C0 /* ProfileView.swift in Sources */,
				A738C3D22C6E53F80005F1C0 /* APIConfig.swift in Sources */,
				A738C39F2C6E0BD10005F1C0 /* APICallsWithTCAApp.swift in Sources */,
			);
			runOnlyForDeploymentPostprocessing = 0;
		};
		A738C3A72C6E0BD30005F1C0 /* Sources */ = {
			isa = PBXSourcesBuildPhase;
			buildActionMask = 2147483647;
			files = (
				A738C3B02C6E0BD30005F1C0 /* APICallsWithTCATests.swift in Sources */,
			);
			runOnlyForDeploymentPostprocessing = 0;
		};
		A738C3B12C6E0BD30005F1C0 /* Sources */ = {
			isa = PBXSourcesBuildPhase;
			buildActionMask = 2147483647;
			files = (
				A738C3BC2C6E0BD30005F1C0 /* APICallsWithTCAUITestsLaunchTests.swift in Sources */,
				A738C3BA2C6E0BD30005F1C0 /* APICallsWithTCAUITests.swift in Sources */,
			);
			runOnlyForDeploymentPostprocessing = 0;
		};
/* End PBXSourcesBuildPhase section */

/* Begin PBXTargetDependency section */
		A738C3AD2C6E0BD30005F1C0 /* PBXTargetDependency */ = {
			isa = PBXTargetDependency;
			target = A738C39A2C6E0BD10005F1C0 /* APICallsWithTCA */;
			targetProxy = A738C3AC2C6E0BD30005F1C0 /* PBXContainerItemProxy */;
		};
		A738C3B72C6E0BD30005F1C0 /* PBXTargetDependency */ = {
			isa = PBXTargetDependency;
			target = A738C39A2C6E0BD10005F1C0 /* APICallsWithTCA */;
			targetProxy = A738C3B62C6E0BD30005F1C0 /* PBXContainerItemProxy */;
		};
/* End PBXTargetDependency section */

/* Begin XCBuildConfiguration section */
		A738C3BD2C6E0BD30005F1C0 /* Debug */ = {
			isa = XCBuildConfiguration;
			buildSettings = {
				ALWAYS_SEARCH_USER_PATHS = NO;
				ASSETCATALOG_COMPILER_GENERATE_SWIFT_ASSET_SYMBOL_EXTENSIONS = YES;
				CLANG_ANALYZER_NONNULL = YES;
				CLANG_ANALYZER_NUMBER_OBJECT_CONVERSION = YES_AGGRESSIVE;
				CLANG_CXX_LANGUAGE_STANDARD = "gnu++20";
				CLANG_ENABLE_MODULES = YES;
				CLANG_ENABLE_OBJC_ARC = YES;
				CLANG_ENABLE_OBJC_WEAK = YES;
				CLANG_WARN_BLOCK_CAPTURE_AUTORELEASING = YES;
				CLANG_WARN_BOOL_CONVERSION = YES;
				CLANG_WARN_COMMA = YES;
				CLANG_WARN_CONSTANT_CONVERSION = YES;
				CLANG_WARN_DEPRECATED_OBJC_IMPLEMENTATIONS = YES;
				CLANG_WARN_DIRECT_OBJC_ISA_USAGE = YES_ERROR;
				CLANG_WARN_DOCUMENTATION_COMMENTS = YES;
				CLANG_WARN_EMPTY_BODY = YES;
				CLANG_WARN_ENUM_CONVERSION = YES;
				CLANG_WARN_INFINITE_RECURSION = YES;
				CLANG_WARN_INT_CONVERSION = YES;
				CLANG_WARN_NON_LITERAL_NULL_CONVERSION = YES;
				CLANG_WARN_OBJC_IMPLICIT_RETAIN_SELF = YES;
				CLANG_WARN_OBJC_LITERAL_CONVERSION = YES;
				CLANG_WARN_OBJC_ROOT_CLASS = YES_ERROR;
				CLANG_WARN_QUOTED_INCLUDE_IN_FRAMEWORK_HEADER = YES;
				CLANG_WARN_RANGE_LOOP_ANALYSIS = YES;
				CLANG_WARN_STRICT_PROTOTYPES = YES;
				CLANG_WARN_SUSPICIOUS_MOVE = YES;
				CLANG_WARN_UNGUARDED_AVAILABILITY = YES_AGGRESSIVE;
				CLANG_WARN_UNREACHABLE_CODE = YES;
				CLANG_WARN__DUPLICATE_METHOD_MATCH = YES;
				COPY_PHASE_STRIP = NO;
				DEBUG_INFORMATION_FORMAT = dwarf;
				ENABLE_STRICT_OBJC_MSGSEND = YES;
				ENABLE_TESTABILITY = YES;
				ENABLE_USER_SCRIPT_SANDBOXING = YES;
				GCC_C_LANGUAGE_STANDARD = gnu17;
				GCC_DYNAMIC_NO_PIC = NO;
				GCC_NO_COMMON_BLOCKS = YES;
				GCC_OPTIMIZATION_LEVEL = 0;
				GCC_PREPROCESSOR_DEFINITIONS = (
					"DEBUG=1",
					"$(inherited)",
				);
				GCC_WARN_64_TO_32_BIT_CONVERSION = YES;
				GCC_WARN_ABOUT_RETURN_TYPE = YES_ERROR;
				GCC_WARN_UNDECLARED_SELECTOR = YES;
				GCC_WARN_UNINITIALIZED_AUTOS = YES_AGGRESSIVE;
				GCC_WARN_UNUSED_FUNCTION = YES;
				GCC_WARN_UNUSED_VARIABLE = YES;
				IPHONEOS_DEPLOYMENT_TARGET = 15.0;
				LOCALIZATION_PREFERS_STRING_CATALOGS = YES;
				MTL_ENABLE_DEBUG_INFO = INCLUDE_SOURCE;
				MTL_FAST_MATH = YES;
				ONLY_ACTIVE_ARCH = YES;
				SDKROOT = iphoneos;
				SWIFT_ACTIVE_COMPILATION_CONDITIONS = "DEBUG $(inherited)";
				SWIFT_OPTIMIZATION_LEVEL = "-Onone";
			};
			name = Debug;
		};
		A738C3BE2C6E0BD30005F1C0 /* Release */ = {
			isa = XCBuildConfiguration;
			buildSettings = {
				ALWAYS_SEARCH_USER_PATHS = NO;
				ASSETCATALOG_COMPILER_GENERATE_SWIFT_ASSET_SYMBOL_EXTENSIONS = YES;
				CLANG_ANALYZER_NONNULL = YES;
				CLANG_ANALYZER_NUMBER_OBJECT_CONVERSION = YES_AGGRESSIVE;
				CLANG_CXX_LANGUAGE_STANDARD = "gnu++20";
				CLANG_ENABLE_MODULES = YES;
				CLANG_ENABLE_OBJC_ARC = YES;
				CLANG_ENABLE_OBJC_WEAK = YES;
				CLANG_WARN_BLOCK_CAPTURE_AUTORELEASING = YES;
				CLANG_WARN_BOOL_CONVERSION = YES;
				CLANG_WARN_COMMA = YES;
				CLANG_WARN_CONSTANT_CONVERSION = YES;
				CLANG_WARN_DEPRECATED_OBJC_IMPLEMENTATIONS = YES;
				CLANG_WARN_DIRECT_OBJC_ISA_USAGE = YES_ERROR;
				CLANG_WARN_DOCUMENTATION_COMMENTS = YES;
				CLANG_WARN_EMPTY_BODY = YES;
				CLANG_WARN_ENUM_CONVERSION = YES;
				CLANG_WARN_INFINITE_RECURSION = YES;
				CLANG_WARN_INT_CONVERSION = YES;
				CLANG_WARN_NON_LITERAL_NULL_CONVERSION = YES;
				CLANG_WARN_OBJC_IMPLICIT_RETAIN_SELF = YES;
				CLANG_WARN_OBJC_LITERAL_CONVERSION = YES;
				CLANG_WARN_OBJC_ROOT_CLASS = YES_ERROR;
				CLANG_WARN_QUOTED_INCLUDE_IN_FRAMEWORK_HEADER = YES;
				CLANG_WARN_RANGE_LOOP_ANALYSIS = YES;
				CLANG_WARN_STRICT_PROTOTYPES = YES;
				CLANG_WARN_SUSPICIOUS_MOVE = YES;
				CLANG_WARN_UNGUARDED_AVAILABILITY = YES_AGGRESSIVE;
				CLANG_WARN_UNREACHABLE_CODE = YES;
				CLANG_WARN__DUPLICATE_METHOD_MATCH = YES;
				COPY_PHASE_STRIP = NO;
				DEBUG_INFORMATION_FORMAT = "dwarf-with-dsym";
				ENABLE_NS_ASSERTIONS = NO;
				ENABLE_STRICT_OBJC_MSGSEND = YES;
				ENABLE_USER_SCRIPT_SANDBOXING = YES;
				GCC_C_LANGUAGE_STANDARD = gnu17;
				GCC_NO_COMMON_BLOCKS = YES;
				GCC_WARN_64_TO_32_BIT_CONVERSION = YES;
				GCC_WARN_ABOUT_RETURN_TYPE = YES_ERROR;
				GCC_WARN_UNDECLARED_SELECTOR = YES;
				GCC_WARN_UNINITIALIZED_AUTOS = YES_AGGRESSIVE;
				GCC_WARN_UNUSED_FUNCTION = YES;
				GCC_WARN_UNUSED_VARIABLE = YES;
				IPHONEOS_DEPLOYMENT_TARGET = 15.0;
				LOCALIZATION_PREFERS_STRING_CATALOGS = YES;
				MTL_ENABLE_DEBUG_INFO = NO;
				MTL_FAST_MATH = YES;
				SDKROOT = iphoneos;
				SWIFT_COMPILATION_MODE = wholemodule;
				VALIDATE_PRODUCT = YES;
			};
			name = Release;
		};
		A738C3C02C6E0BD30005F1C0 /* Debug */ = {
			isa = XCBuildConfiguration;
			buildSettings = {
				ASSETCATALOG_COMPILER_APPICON_NAME = AppIcon;
				ASSETCATALOG_COMPILER_GLOBAL_ACCENT_COLOR_NAME = AccentColor;
				CODE_SIGN_STYLE = Automatic;
				CURRENT_PROJECT_VERSION = 1;
				DEVELOPMENT_ASSET_PATHS = "\"APICallsWithTCA/Preview Content\"";
				ENABLE_PREVIEWS = YES;
				GENERATE_INFOPLIST_FILE = YES;
				INFOPLIST_KEY_UIApplicationSceneManifest_Generation = YES;
				INFOPLIST_KEY_UIApplicationSupportsIndirectInputEvents = YES;
				INFOPLIST_KEY_UILaunchScreen_Generation = YES;
				INFOPLIST_KEY_UISupportedInterfaceOrientations_iPad = "UIInterfaceOrientationPortrait UIInterfaceOrientationPortraitUpsideDown UIInterfaceOrientationLandscapeLeft UIInterfaceOrientationLandscapeRight";
				INFOPLIST_KEY_UISupportedInterfaceOrientations_iPhone = "UIInterfaceOrientationPortrait UIInterfaceOrientationLandscapeLeft UIInterfaceOrientationLandscapeRight";
				IPHONEOS_DEPLOYMENT_TARGET = 17.0;
				LD_RUNPATH_SEARCH_PATHS = (
					"$(inherited)",
					"@executable_path/Frameworks",
				);
				MARKETING_VERSION = 1.0;
				PRODUCT_BUNDLE_IDENTIFIER = gd.APICallsWithTCA;
				PRODUCT_NAME = "$(TARGET_NAME)";
				SWIFT_EMIT_LOC_STRINGS = YES;
				SWIFT_VERSION = 5.0;
				TARGETED_DEVICE_FAMILY = "1,2";
			};
			name = Debug;
		};
		A738C3C12C6E0BD30005F1C0 /* Release */ = {
			isa = XCBuildConfiguration;
			buildSettings = {
				ASSETCATALOG_COMPILER_APPICON_NAME = AppIcon;
				ASSETCATALOG_COMPILER_GLOBAL_ACCENT_COLOR_NAME = AccentColor;
				CODE_SIGN_STYLE = Automatic;
				CURRENT_PROJECT_VERSION = 1;
				DEVELOPMENT_ASSET_PATHS = "\"APICallsWithTCA/Preview Content\"";
				ENABLE_PREVIEWS = YES;
				GENERATE_INFOPLIST_FILE = YES;
				INFOPLIST_KEY_UIApplicationSceneManifest_Generation = YES;
				INFOPLIST_KEY_UIApplicationSupportsIndirectInputEvents = YES;
				INFOPLIST_KEY_UILaunchScreen_Generation = YES;
				INFOPLIST_KEY_UISupportedInterfaceOrientations_iPad = "UIInterfaceOrientationPortrait UIInterfaceOrientationPortraitUpsideDown UIInterfaceOrientationLandscapeLeft UIInterfaceOrientationLandscapeRight";
				INFOPLIST_KEY_UISupportedInterfaceOrientations_iPhone = "UIInterfaceOrientationPortrait UIInterfaceOrientationLandscapeLeft UIInterfaceOrientationLandscapeRight";
				IPHONEOS_DEPLOYMENT_TARGET = 17.0;
				LD_RUNPATH_SEARCH_PATHS = (
					"$(inherited)",
					"@executable_path/Frameworks",
				);
				MARKETING_VERSION = 1.0;
				PRODUCT_BUNDLE_IDENTIFIER = gd.APICallsWithTCA;
				PRODUCT_NAME = "$(TARGET_NAME)";
				SWIFT_EMIT_LOC_STRINGS = YES;
				SWIFT_VERSION = 5.0;
				TARGETED_DEVICE_FAMILY = "1,2";
			};
			name = Release;
		};
		A738C3C32C6E0BD30005F1C0 /* Debug */ = {
			isa = XCBuildConfiguration;
			buildSettings = {
				ALWAYS_EMBED_SWIFT_STANDARD_LIBRARIES = YES;
				BUNDLE_LOADER = "$(TEST_HOST)";
				CODE_SIGN_STYLE = Automatic;
				CURRENT_PROJECT_VERSION = 1;
				GENERATE_INFOPLIST_FILE = YES;
				IPHONEOS_DEPLOYMENT_TARGET = 17.0;
				MARKETING_VERSION = 1.0;
				PRODUCT_BUNDLE_IDENTIFIER = gd.APICallsWithTCATests;
				PRODUCT_NAME = "$(TARGET_NAME)";
				SWIFT_EMIT_LOC_STRINGS = NO;
				SWIFT_VERSION = 5.0;
				TARGETED_DEVICE_FAMILY = "1,2";
				TEST_HOST = "$(BUILT_PRODUCTS_DIR)/APICallsWithTCA.app/$(BUNDLE_EXECUTABLE_FOLDER_PATH)/APICallsWithTCA";
			};
			name = Debug;
		};
		A738C3C42C6E0BD30005F1C0 /* Release */ = {
			isa = XCBuildConfiguration;
			buildSettings = {
				ALWAYS_EMBED_SWIFT_STANDARD_LIBRARIES = YES;
				BUNDLE_LOADER = "$(TEST_HOST)";
				CODE_SIGN_STYLE = Automatic;
				CURRENT_PROJECT_VERSION = 1;
				GENERATE_INFOPLIST_FILE = YES;
				IPHONEOS_DEPLOYMENT_TARGET = 17.0;
				MARKETING_VERSION = 1.0;
				PRODUCT_BUNDLE_IDENTIFIER = gd.APICallsWithTCATests;
				PRODUCT_NAME = "$(TARGET_NAME)";
				SWIFT_EMIT_LOC_STRINGS = NO;
				SWIFT_VERSION = 5.0;
				TARGETED_DEVICE_FAMILY = "1,2";
				TEST_HOST = "$(BUILT_PRODUCTS_DIR)/APICallsWithTCA.app/$(BUNDLE_EXECUTABLE_FOLDER_PATH)/APICallsWithTCA";
			};
			name = Release;
		};
		A738C3C62C6E0BD30005F1C0 /* Debug */ = {
			isa = XCBuildConfiguration;
			buildSettings = {
				ALWAYS_EMBED_SWIFT_STANDARD_LIBRARIES = YES;
				CODE_SIGN_STYLE = Automatic;
				CURRENT_PROJECT_VERSION = 1;
				GENERATE_INFOPLIST_FILE = YES;
				MARKETING_VERSION = 1.0;
				PRODUCT_BUNDLE_IDENTIFIER = gd.APICallsWithTCAUITests;
				PRODUCT_NAME = "$(TARGET_NAME)";
				SWIFT_EMIT_LOC_STRINGS = NO;
				SWIFT_VERSION = 5.0;
				TARGETED_DEVICE_FAMILY = "1,2";
				TEST_TARGET_NAME = APICallsWithTCA;
			};
			name = Debug;
		};
		A738C3C72C6E0BD30005F1C0 /* Release */ = {
			isa = XCBuildConfiguration;
			buildSettings = {
				ALWAYS_EMBED_SWIFT_STANDARD_LIBRARIES = YES;
				CODE_SIGN_STYLE = Automatic;
				CURRENT_PROJECT_VERSION = 1;
				GENERATE_INFOPLIST_FILE = YES;
				MARKETING_VERSION = 1.0;
				PRODUCT_BUNDLE_IDENTIFIER = gd.APICallsWithTCAUITests;
				PRODUCT_NAME = "$(TARGET_NAME)";
				SWIFT_EMIT_LOC_STRINGS = NO;
				SWIFT_VERSION = 5.0;
				TARGETED_DEVICE_FAMILY = "1,2";
				TEST_TARGET_NAME = APICallsWithTCA;
			};
			name = Release;
		};
/* End XCBuildConfiguration section */

/* Begin XCConfigurationList section */
		A738C3962C6E0BD10005F1C0 /* Build configuration list for PBXProject "APICallsWithTCA" */ = {
			isa = XCConfigurationList;
			buildConfigurations = (
				A738C3BD2C6E0BD30005F1C0 /* Debug */,
				A738C3BE2C6E0BD30005F1C0 /* Release */,
			);
			defaultConfigurationIsVisible = 0;
			defaultConfigurationName = Release;
		};
		A738C3BF2C6E0BD30005F1C0 /* Build configuration list for PBXNativeTarget "APICallsWithTCA" */ = {
			isa = XCConfigurationList;
			buildConfigurations = (
				A738C3C02C6E0BD30005F1C0 /* Debug */,
				A738C3C12C6E0BD30005F1C0 /* Release */,
			);
			defaultConfigurationIsVisible = 0;
			defaultConfigurationName = Release;
		};
		A738C3C22C6E0BD30005F1C0 /* Build configuration list for PBXNativeTarget "APICallsWithTCATests" */ = {
			isa = XCConfigurationList;
			buildConfigurations = (
				A738C3C32C6E0BD30005F1C0 /* Debug */,
				A738C3C42C6E0BD30005F1C0 /* Release */,
			);
			defaultConfigurationIsVisible = 0;
			defaultConfigurationName = Release;
		};
		A738C3C52C6E0BD30005F1C0 /* Build configuration list for PBXNativeTarget "APICallsWithTCAUITests" */ = {
			isa = XCConfigurationList;
			buildConfigurations = (
				A738C3C62C6E0BD30005F1C0 /* Debug */,
				A738C3C72C6E0BD30005F1C0 /* Release */,
			);
			defaultConfigurationIsVisible = 0;
			defaultConfigurationName = Release;
		};
/* End XCConfigurationList section */

/* Begin XCRemoteSwiftPackageReference section */
		A738C3C82C6E0CC00005F1C0 /* XCRemoteSwiftPackageReference "swift-composable-architecture" */ = {
			isa = XCRemoteSwiftPackageReference;
			repositoryURL = "https://github.com/pointfreeco/swift-composable-architecture.git";
			requirement = {
				kind = upToNextMajorVersion;
				minimumVersion = 1.0.0;
			};
		};
/* End XCRemoteSwiftPackageReference section */

/* Begin XCSwiftPackageProductDependency section */
		A738C3C92C6E0CC00005F1C0 /* ComposableArchitecture */ = {
			isa = XCSwiftPackageProductDependency;
			package = A738C3C82C6E0CC00005F1C0 /* XCRemoteSwiftPackageReference "swift-composable-architecture" */;
			productName = ComposableArchitecture;
		};
/* End XCSwiftPackageProductDependency section */
	};
	rootObject = A738C3932C6E0BD10005F1C0 /* Project object */;
}
